
Microsoft Visual Studio Solution File, Format Version 12.00
# Visual Studio Version 17
VisualStudioVersion = 17.1.32319.34
MinimumVisualStudioVersion = 10.0.40219.1
Project("{FAE04EC0-301F-11D3-BF4B-00C04F79EFBC}") = "U1 ConsoleApp1", "ConsoleApp1\U1 ConsoleApp1.csproj", "{AA9B9FA7-3FF1-4C83-B53B-F64135F05E64}"
EndProject
Project("{FAE04EC0-301F-11D3-BF4B-00C04F79EFBC}") = "DZ1 Razbor", "RazborDZ_1\DZ1 Razbor.csproj", "{59DAE79F-61F5-4EFE-B841-01F15CE28809}"
EndProject
Project("{FAE04EC0-301F-11D3-BF4B-00C04F79EFBC}") = "DZ2 Razbor", "RazborDZ_2\DZ2 Razbor.csproj", "{F7415017-ED96-4D27-8E35-A4381CC7C136}"
EndProject
Project("{FAE04EC0-301F-11D3-BF4B-00C04F79EFBC}") = "DZ3 Razbor", "RazborDZ_3\DZ3 Razbor.csproj", "{69809CBF-3FB9-4E76-877B-7CBFBEA23BA6}"
EndProject
Project("{FAE04EC0-301F-11D3-BF4B-00C04F79EFBC}") = "U11 Increment , Decrement, Postfixniy Prefixniy", "Increment , Decrement, Postfixniy Prefixniy\U11 Increment , Decrement, Postfixniy Prefixniy.csproj", "{3E7B24D0-4422-4F0B-8735-F8406CAF60F7}"
EndProject
Project("{FAE04EC0-301F-11D3-BF4B-00C04F79EFBC}") = "U12 Operacii Otnosheniya", "Operacii Otnosheniya U12\U12 Operacii Otnosheniya.csproj", "{5488A63A-6D0E-4670-88FA-093CFF316505}"
EndProject
Project("{FAE04EC0-301F-11D3-BF4B-00C04F79EFBC}") = "U13 IF ELSE", "IF ELSE U13\U13 IF ELSE.csproj", "{7F9CE5E9-E9A3-4F76-892E-A005EC535FF6}"
EndProject
Project("{FAE04EC0-301F-11D3-BF4B-00C04F79EFBC}") = "U14 Operatori", "Operatori U14\U14 Operatori.csproj", "{C8627DFD-2BB4-48C4-BD0A-C590667152E7}"
EndProject
Project("{FAE04EC0-301F-11D3-BF4B-00C04F79EFBC}") = "U15 SWITCH", "U15 SWITCH\U15 SWITCH.csproj", "{980D520B-D8E9-4FA2-A84D-09535BB7C4B2}"
EndProject
Project("{FAE04EC0-301F-11D3-BF4B-00C04F79EFBC}") = "DZ3 Calculator", "DZ3 Calculator\DZ3 Calculator.csproj", "{B016F109-922C-45B0-91C4-D6D100A2320D}"
EndProject
Project("{FAE04EC0-301F-11D3-BF4B-00C04F79EFBC}") = "U16 WHILE", "U16 WHILE\U16 WHILE.csproj", "{43F99AD2-A038-4BF6-AA50-189F6D937B6D}"
EndProject
Project("{FAE04EC0-301F-11D3-BF4B-00C04F79EFBC}") = "DZ4 Chet i Nechet", "DZ4 Chet i Nechet\DZ4 Chet i Nechet.csproj", "{D1A7AC26-A01A-462F-B45E-AA9B9A90A0F0}"
EndProject
Project("{FAE04EC0-301F-11D3-BF4B-00C04F79EFBC}") = "U17 DO WHILE", "U17 DO WHILE\U17 DO WHILE.csproj", "{03083004-DA3A-4B6D-A3CE-936BB789EC7A}"
EndProject
Project("{FAE04EC0-301F-11D3-BF4B-00C04F79EFBC}") = "DZ4 Razbor", "DZ4 Razbor\DZ4 Razbor.csproj", "{8996CE32-3A86-48A7-8217-C8E67E115DDF}"
EndProject
Project("{FAE04EC0-301F-11D3-BF4B-00C04F79EFBC}") = "U18-21 FOR, BREAK, CONTINUE", "U18 FOR\U18-21 FOR, BREAK, CONTINUE.csproj", "{9D51D41D-484A-4E6D-A895-AE8D9DF017E1}"
EndProject
Project("{FAE04EC0-301F-11D3-BF4B-00C04F79EFBC}") = "U22 Vlozhennie cikli", "U22 Vlozhennie cikli\U22 Vlozhennie cikli.csproj", "{3A43A607-1B49-42FB-A278-36D14FA5B9CC}"
EndProject
Project("{FAE04EC0-301F-11D3-BF4B-00C04F79EFBC}") = "DZ5 Treugolniki", "DZ5 Treugolniki\DZ5 Treugolniki.csproj", "{F68B65DC-515C-424D-8014-0B35FA7FD289}"
EndProject
Project("{FAE04EC0-301F-11D3-BF4B-00C04F79EFBC}") = "DZ5 Razbor", "DZ5 Razbor\DZ5 Razbor.csproj", "{6D1E21AF-3C8F-4877-B61B-81C413287E47}"
EndProject
Project("{FAE04EC0-301F-11D3-BF4B-00C04F79EFBC}") = "U23 Ternarnii Operator", "U23 Ternarnii Operator\U23 Ternarnii Operator.csproj", "{5532AB97-F0FC-454E-9AAD-9E940F57E07A}"
EndProject
Project("{FAE04EC0-301F-11D3-BF4B-00C04F79EFBC}") = "U24-26 Massivi", "U24 Massivi\U24-26 Massivi.csproj", "{73BF54EE-2AEE-4F7D-BE8B-53172BCA28D4}"
EndProject
Project("{FAE04EC0-301F-11D3-BF4B-00C04F79EFBC}") = "DZ6 Massivi", "DZ6 Massivi\DZ6 Massivi.csproj", "{AA473259-705A-46A9-80CA-86AA504143E1}"
EndProject
Project("{FAE04EC0-301F-11D3-BF4B-00C04F79EFBC}") = "U27 Massivi na samom dele", "U27 Massivi na samom dele\U27 Massivi na samom dele.csproj", "{0470C357-3797-4C0F-92B6-0E176D43559F}"
EndProject
Project("{9A19103F-16F7-4668-BE54-9A1E7A4F7556}") = "U28 Index i Diapozon", "U28 Index i Diapozon\U28 Index i Diapozon.csproj", "{E9631C1D-7BA7-4491-89F2-05F1978AACC6}"
EndProject
Project("{FAE04EC0-301F-11D3-BF4B-00C04F79EFBC}") = "U29-31 Dvumernii massiv", "U29 Dvumernii massiv\U29-31 Dvumernii massiv.csproj", "{A4064E53-A249-4608-8950-24F22F6009D2}"
EndProject
Project("{FAE04EC0-301F-11D3-BF4B-00C04F79EFBC}") = "U32 Zapolnenie dvumernogo massiva s klavi", "U32 Zapolnenie dvumernogo massiva s klavi\U32 Zapolnenie dvumernogo massiva s klavi.csproj", "{2A225824-760D-4033-8D0B-1D2BF7D74445}"
EndProject
Project("{FAE04EC0-301F-11D3-BF4B-00C04F79EFBC}") = "DZ 6.2 Dvumernie Massivi", "DZ 6.2 Massivi\DZ 6.2 Dvumernie Massivi.csproj", "{73DA7103-D24D-4E24-808E-D57ED8112D22}"
EndProject
Project("{FAE04EC0-301F-11D3-BF4B-00C04F79EFBC}") = "U33 Zubchitie massivi", "U33 Zubchitie massivi\U33 Zubchitie massivi.csproj", "{00A46797-7955-459D-AC7B-869661B45922}"
EndProject
Project("{FAE04EC0-301F-11D3-BF4B-00C04F79EFBC}") = "DZ 6.3 Zubchatie massivi", "DZ 6.3 Zubchatie massivi\DZ 6.3 Zubchatie massivi.csproj", "{FF4A4A08-E180-48CD-96C9-0395D2B29107}"
EndProject
Project("{FAE04EC0-301F-11D3-BF4B-00C04F79EFBC}") = "U34 Trehmernii massiv, mnogomernii massiv", "U34 Trehmernii massiv, mnogomernii massiv\U34 Trehmernii massiv, mnogomernii massiv.csproj", "{2BDCE497-D4B6-478A-A77B-D785B3ED1F98}"
EndProject
Project("{FAE04EC0-301F-11D3-BF4B-00C04F79EFBC}") = "DZ 6.4 Mnogomernie massivi, mnogomernie zubchatie", "DZ 6.4 Mnogomernie massivi, mnogomernie zubchatie\DZ 6.4 Mnogomernie massivi, mnogomernie zubchatie.csproj", "{C677BC56-3B1D-4DA6-8E38-A4BF5B21B0C4}"
EndProject
Project("{FAE04EC0-301F-11D3-BF4B-00C04F79EFBC}") = "U35 Funkcii i Metodi", "U35 Funkcii i Metodi\U35 Funkcii i Metodi.csproj", "{1620EAA9-B18A-4F18-ABBE-A998B1940CFC}"
EndProject
Project("{FAE04EC0-301F-11D3-BF4B-00C04F79EFBC}") = "DZ7 Funkcii i Metodi", "DZ7 Funkcii i Metodi\DZ7 Funkcii i Metodi.csproj", "{79FF4269-47C8-4CFD-BEC8-2F1BCD58E651}"
EndProject
Project("{FAE04EC0-301F-11D3-BF4B-00C04F79EFBC}") = "DZ0 160 000 euro", "DZ0 160 000 euro v god\DZ0 160 000 euro.csproj", "{9BF4CD4E-2303-4E31-9909-86E38469FC3F}"
EndProject
Project("{FAE04EC0-301F-11D3-BF4B-00C04F79EFBC}") = "U40 NULL", "U40 Dva Voprosa NULL\U40 NULL.csproj", "{9DE0D6FA-A01A-4878-9A2D-8A5B6C3C520A}"
EndProject
Project("{FAE04EC0-301F-11D3-BF4B-00C04F79EFBC}") = "DZ 7.1 Ref", "DZ 7 Ref\DZ 7.1 Ref.csproj", "{53FC5D6A-C31F-477C-AA94-A6F450CDF353}"
EndProject
Project("{FAE04EC0-301F-11D3-BF4B-00C04F79EFBC}") = "DZ 7.2 Ref", "DZ 7.2 Ref\DZ 7.2 Ref.csproj", "{6650D1AB-D652-40F6-87F0-A8771EB2FCF3}"
EndProject
Project("{FAE04EC0-301F-11D3-BF4B-00C04F79EFBC}") = "DZ 7.3 Ref", "DZ 7.3 Ref\DZ 7.3 Ref.csproj", "{794DC249-635B-4F80-925A-8147EEC5AAB6}"
EndProject
Project("{FAE04EC0-301F-11D3-BF4B-00C04F79EFBC}") = "DZ 7.1 Ref Razbor", "DZ 7.1 Ref Razbor\DZ 7.1 Ref Razbor.csproj", "{B59B0B04-81EF-4843-B859-FBB115896E8B}"
EndProject
Project("{FAE04EC0-301F-11D3-BF4B-00C04F79EFBC}") = "DZ 7.2 Ref Razbor", "DZ 7.2 Ref Razbor\DZ 7.2 Ref Razbor.csproj", "{EF850B4F-90C7-4EEF-92D0-271A09FE3C17}"
EndProject
Project("{FAE04EC0-301F-11D3-BF4B-00C04F79EFBC}") = "DZ 7.3 Ref Razbor", "DZ 7.3 Ref Razbor\DZ 7.3 Ref Razbor.csproj", "{B1051244-5094-49F5-843E-771062CD1D72}"
EndProject
Global
	GlobalSection(SolutionConfigurationPlatforms) = preSolution
		Debug|Any CPU = Debug|Any CPU
		Release|Any CPU = Release|Any CPU
	EndGlobalSection
	GlobalSection(ProjectConfigurationPlatforms) = postSolution
		{AA9B9FA7-3FF1-4C83-B53B-F64135F05E64}.Debug|Any CPU.ActiveCfg = Debug|Any CPU
		{AA9B9FA7-3FF1-4C83-B53B-F64135F05E64}.Debug|Any CPU.Build.0 = Debug|Any CPU
		{AA9B9FA7-3FF1-4C83-B53B-F64135F05E64}.Release|Any CPU.ActiveCfg = Release|Any CPU
		{AA9B9FA7-3FF1-4C83-B53B-F64135F05E64}.Release|Any CPU.Build.0 = Release|Any CPU
		{59DAE79F-61F5-4EFE-B841-01F15CE28809}.Debug|Any CPU.ActiveCfg = Debug|Any CPU
		{59DAE79F-61F5-4EFE-B841-01F15CE28809}.Debug|Any CPU.Build.0 = Debug|Any CPU
		{59DAE79F-61F5-4EFE-B841-01F15CE28809}.Release|Any CPU.ActiveCfg = Release|Any CPU
		{59DAE79F-61F5-4EFE-B841-01F15CE28809}.Release|Any CPU.Build.0 = Release|Any CPU
		{F7415017-ED96-4D27-8E35-A4381CC7C136}.Debug|Any CPU.ActiveCfg = Debug|Any CPU
		{F7415017-ED96-4D27-8E35-A4381CC7C136}.Debug|Any CPU.Build.0 = Debug|Any CPU
		{F7415017-ED96-4D27-8E35-A4381CC7C136}.Release|Any CPU.ActiveCfg = Release|Any CPU
		{F7415017-ED96-4D27-8E35-A4381CC7C136}.Release|Any CPU.Build.0 = Release|Any CPU
		{69809CBF-3FB9-4E76-877B-7CBFBEA23BA6}.Debug|Any CPU.ActiveCfg = Debug|Any CPU
		{69809CBF-3FB9-4E76-877B-7CBFBEA23BA6}.Debug|Any CPU.Build.0 = Debug|Any CPU
		{69809CBF-3FB9-4E76-877B-7CBFBEA23BA6}.Release|Any CPU.ActiveCfg = Release|Any CPU
		{69809CBF-3FB9-4E76-877B-7CBFBEA23BA6}.Release|Any CPU.Build.0 = Release|Any CPU
		{3E7B24D0-4422-4F0B-8735-F8406CAF60F7}.Debug|Any CPU.ActiveCfg = Debug|Any CPU
		{3E7B24D0-4422-4F0B-8735-F8406CAF60F7}.Debug|Any CPU.Build.0 = Debug|Any CPU
		{3E7B24D0-4422-4F0B-8735-F8406CAF60F7}.Release|Any CPU.ActiveCfg = Release|Any CPU
		{3E7B24D0-4422-4F0B-8735-F8406CAF60F7}.Release|Any CPU.Build.0 = Release|Any CPU
		{5488A63A-6D0E-4670-88FA-093CFF316505}.Debug|Any CPU.ActiveCfg = Debug|Any CPU
		{5488A63A-6D0E-4670-88FA-093CFF316505}.Debug|Any CPU.Build.0 = Debug|Any CPU
		{5488A63A-6D0E-4670-88FA-093CFF316505}.Release|Any CPU.ActiveCfg = Release|Any CPU
		{5488A63A-6D0E-4670-88FA-093CFF316505}.Release|Any CPU.Build.0 = Release|Any CPU
		{7F9CE5E9-E9A3-4F76-892E-A005EC535FF6}.Debug|Any CPU.ActiveCfg = Debug|Any CPU
		{7F9CE5E9-E9A3-4F76-892E-A005EC535FF6}.Debug|Any CPU.Build.0 = Debug|Any CPU
		{7F9CE5E9-E9A3-4F76-892E-A005EC535FF6}.Release|Any CPU.ActiveCfg = Release|Any CPU
		{7F9CE5E9-E9A3-4F76-892E-A005EC535FF6}.Release|Any CPU.Build.0 = Release|Any CPU
		{C8627DFD-2BB4-48C4-BD0A-C590667152E7}.Debug|Any CPU.ActiveCfg = Debug|Any CPU
		{C8627DFD-2BB4-48C4-BD0A-C590667152E7}.Debug|Any CPU.Build.0 = Debug|Any CPU
		{C8627DFD-2BB4-48C4-BD0A-C590667152E7}.Release|Any CPU.ActiveCfg = Release|Any CPU
		{C8627DFD-2BB4-48C4-BD0A-C590667152E7}.Release|Any CPU.Build.0 = Release|Any CPU
		{980D520B-D8E9-4FA2-A84D-09535BB7C4B2}.Debug|Any CPU.ActiveCfg = Debug|Any CPU
		{980D520B-D8E9-4FA2-A84D-09535BB7C4B2}.Debug|Any CPU.Build.0 = Debug|Any CPU
		{980D520B-D8E9-4FA2-A84D-09535BB7C4B2}.Release|Any CPU.ActiveCfg = Release|Any CPU
		{980D520B-D8E9-4FA2-A84D-09535BB7C4B2}.Release|Any CPU.Build.0 = Release|Any CPU
		{B016F109-922C-45B0-91C4-D6D100A2320D}.Debug|Any CPU.ActiveCfg = Debug|Any CPU
		{B016F109-922C-45B0-91C4-D6D100A2320D}.Debug|Any CPU.Build.0 = Debug|Any CPU
		{B016F109-922C-45B0-91C4-D6D100A2320D}.Release|Any CPU.ActiveCfg = Release|Any CPU
		{B016F109-922C-45B0-91C4-D6D100A2320D}.Release|Any CPU.Build.0 = Release|Any CPU
		{43F99AD2-A038-4BF6-AA50-189F6D937B6D}.Debug|Any CPU.ActiveCfg = Debug|Any CPU
		{43F99AD2-A038-4BF6-AA50-189F6D937B6D}.Debug|Any CPU.Build.0 = Debug|Any CPU
		{43F99AD2-A038-4BF6-AA50-189F6D937B6D}.Release|Any CPU.ActiveCfg = Release|Any CPU
		{43F99AD2-A038-4BF6-AA50-189F6D937B6D}.Release|Any CPU.Build.0 = Release|Any CPU
		{D1A7AC26-A01A-462F-B45E-AA9B9A90A0F0}.Debug|Any CPU.ActiveCfg = Debug|Any CPU
		{D1A7AC26-A01A-462F-B45E-AA9B9A90A0F0}.Debug|Any CPU.Build.0 = Debug|Any CPU
		{D1A7AC26-A01A-462F-B45E-AA9B9A90A0F0}.Release|Any CPU.ActiveCfg = Release|Any CPU
		{D1A7AC26-A01A-462F-B45E-AA9B9A90A0F0}.Release|Any CPU.Build.0 = Release|Any CPU
		{03083004-DA3A-4B6D-A3CE-936BB789EC7A}.Debug|Any CPU.ActiveCfg = Debug|Any CPU
		{03083004-DA3A-4B6D-A3CE-936BB789EC7A}.Debug|Any CPU.Build.0 = Debug|Any CPU
		{03083004-DA3A-4B6D-A3CE-936BB789EC7A}.Release|Any CPU.ActiveCfg = Release|Any CPU
		{03083004-DA3A-4B6D-A3CE-936BB789EC7A}.Release|Any CPU.Build.0 = Release|Any CPU
		{8996CE32-3A86-48A7-8217-C8E67E115DDF}.Debug|Any CPU.ActiveCfg = Debug|Any CPU
		{8996CE32-3A86-48A7-8217-C8E67E115DDF}.Debug|Any CPU.Build.0 = Debug|Any CPU
		{8996CE32-3A86-48A7-8217-C8E67E115DDF}.Release|Any CPU.ActiveCfg = Release|Any CPU
		{8996CE32-3A86-48A7-8217-C8E67E115DDF}.Release|Any CPU.Build.0 = Release|Any CPU
		{9D51D41D-484A-4E6D-A895-AE8D9DF017E1}.Debug|Any CPU.ActiveCfg = Debug|Any CPU
		{9D51D41D-484A-4E6D-A895-AE8D9DF017E1}.Debug|Any CPU.Build.0 = Debug|Any CPU
		{9D51D41D-484A-4E6D-A895-AE8D9DF017E1}.Release|Any CPU.ActiveCfg = Release|Any CPU
		{9D51D41D-484A-4E6D-A895-AE8D9DF017E1}.Release|Any CPU.Build.0 = Release|Any CPU
		{3A43A607-1B49-42FB-A278-36D14FA5B9CC}.Debug|Any CPU.ActiveCfg = Debug|Any CPU
		{3A43A607-1B49-42FB-A278-36D14FA5B9CC}.Debug|Any CPU.Build.0 = Debug|Any CPU
		{3A43A607-1B49-42FB-A278-36D14FA5B9CC}.Release|Any CPU.ActiveCfg = Release|Any CPU
		{3A43A607-1B49-42FB-A278-36D14FA5B9CC}.Release|Any CPU.Build.0 = Release|Any CPU
		{F68B65DC-515C-424D-8014-0B35FA7FD289}.Debug|Any CPU.ActiveCfg = Debug|Any CPU
		{F68B65DC-515C-424D-8014-0B35FA7FD289}.Debug|Any CPU.Build.0 = Debug|Any CPU
		{F68B65DC-515C-424D-8014-0B35FA7FD289}.Release|Any CPU.ActiveCfg = Release|Any CPU
		{F68B65DC-515C-424D-8014-0B35FA7FD289}.Release|Any CPU.Build.0 = Release|Any CPU
		{6D1E21AF-3C8F-4877-B61B-81C413287E47}.Debug|Any CPU.ActiveCfg = Debug|Any CPU
		{6D1E21AF-3C8F-4877-B61B-81C413287E47}.Debug|Any CPU.Build.0 = Debug|Any CPU
		{6D1E21AF-3C8F-4877-B61B-81C413287E47}.Release|Any CPU.ActiveCfg = Release|Any CPU
		{6D1E21AF-3C8F-4877-B61B-81C413287E47}.Release|Any CPU.Build.0 = Release|Any CPU
		{5532AB97-F0FC-454E-9AAD-9E940F57E07A}.Debug|Any CPU.ActiveCfg = Debug|Any CPU
		{5532AB97-F0FC-454E-9AAD-9E940F57E07A}.Debug|Any CPU.Build.0 = Debug|Any CPU
		{5532AB97-F0FC-454E-9AAD-9E940F57E07A}.Release|Any CPU.ActiveCfg = Release|Any CPU
		{5532AB97-F0FC-454E-9AAD-9E940F57E07A}.Release|Any CPU.Build.0 = Release|Any CPU
		{73BF54EE-2AEE-4F7D-BE8B-53172BCA28D4}.Debug|Any CPU.ActiveCfg = Debug|Any CPU
		{73BF54EE-2AEE-4F7D-BE8B-53172BCA28D4}.Debug|Any CPU.Build.0 = Debug|Any CPU
		{73BF54EE-2AEE-4F7D-BE8B-53172BCA28D4}.Release|Any CPU.ActiveCfg = Release|Any CPU
		{73BF54EE-2AEE-4F7D-BE8B-53172BCA28D4}.Release|Any CPU.Build.0 = Release|Any CPU
		{AA473259-705A-46A9-80CA-86AA504143E1}.Debug|Any CPU.ActiveCfg = Debug|Any CPU
		{AA473259-705A-46A9-80CA-86AA504143E1}.Debug|Any CPU.Build.0 = Debug|Any CPU
		{AA473259-705A-46A9-80CA-86AA504143E1}.Release|Any CPU.ActiveCfg = Release|Any CPU
		{AA473259-705A-46A9-80CA-86AA504143E1}.Release|Any CPU.Build.0 = Release|Any CPU
		{0470C357-3797-4C0F-92B6-0E176D43559F}.Debug|Any CPU.ActiveCfg = Debug|Any CPU
		{0470C357-3797-4C0F-92B6-0E176D43559F}.Debug|Any CPU.Build.0 = Debug|Any CPU
		{0470C357-3797-4C0F-92B6-0E176D43559F}.Release|Any CPU.ActiveCfg = Release|Any CPU
		{0470C357-3797-4C0F-92B6-0E176D43559F}.Release|Any CPU.Build.0 = Release|Any CPU
		{E9631C1D-7BA7-4491-89F2-05F1978AACC6}.Debug|Any CPU.ActiveCfg = Debug|Any CPU
		{E9631C1D-7BA7-4491-89F2-05F1978AACC6}.Debug|Any CPU.Build.0 = Debug|Any CPU
		{E9631C1D-7BA7-4491-89F2-05F1978AACC6}.Release|Any CPU.ActiveCfg = Release|Any CPU
		{E9631C1D-7BA7-4491-89F2-05F1978AACC6}.Release|Any CPU.Build.0 = Release|Any CPU
		{A4064E53-A249-4608-8950-24F22F6009D2}.Debug|Any CPU.ActiveCfg = Debug|Any CPU
		{A4064E53-A249-4608-8950-24F22F6009D2}.Debug|Any CPU.Build.0 = Debug|Any CPU
		{A4064E53-A249-4608-8950-24F22F6009D2}.Release|Any CPU.ActiveCfg = Release|Any CPU
		{A4064E53-A249-4608-8950-24F22F6009D2}.Release|Any CPU.Build.0 = Release|Any CPU
		{2A225824-760D-4033-8D0B-1D2BF7D74445}.Debug|Any CPU.ActiveCfg = Debug|Any CPU
		{2A225824-760D-4033-8D0B-1D2BF7D74445}.Debug|Any CPU.Build.0 = Debug|Any CPU
		{2A225824-760D-4033-8D0B-1D2BF7D74445}.Release|Any CPU.ActiveCfg = Release|Any CPU
		{2A225824-760D-4033-8D0B-1D2BF7D74445}.Release|Any CPU.Build.0 = Release|Any CPU
		{73DA7103-D24D-4E24-808E-D57ED8112D22}.Debug|Any CPU.ActiveCfg = Debug|Any CPU
		{73DA7103-D24D-4E24-808E-D57ED8112D22}.Debug|Any CPU.Build.0 = Debug|Any CPU
		{73DA7103-D24D-4E24-808E-D57ED8112D22}.Release|Any CPU.ActiveCfg = Release|Any CPU
		{73DA7103-D24D-4E24-808E-D57ED8112D22}.Release|Any CPU.Build.0 = Release|Any CPU
		{00A46797-7955-459D-AC7B-869661B45922}.Debug|Any CPU.ActiveCfg = Debug|Any CPU
		{00A46797-7955-459D-AC7B-869661B45922}.Debug|Any CPU.Build.0 = Debug|Any CPU
		{00A46797-7955-459D-AC7B-869661B45922}.Release|Any CPU.ActiveCfg = Release|Any CPU
		{00A46797-7955-459D-AC7B-869661B45922}.Release|Any CPU.Build.0 = Release|Any CPU
		{FF4A4A08-E180-48CD-96C9-0395D2B29107}.Debug|Any CPU.ActiveCfg = Debug|Any CPU
		{FF4A4A08-E180-48CD-96C9-0395D2B29107}.Debug|Any CPU.Build.0 = Debug|Any CPU
		{FF4A4A08-E180-48CD-96C9-0395D2B29107}.Release|Any CPU.ActiveCfg = Release|Any CPU
		{FF4A4A08-E180-48CD-96C9-0395D2B29107}.Release|Any CPU.Build.0 = Release|Any CPU
		{2BDCE497-D4B6-478A-A77B-D785B3ED1F98}.Debug|Any CPU.ActiveCfg = Debug|Any CPU
		{2BDCE497-D4B6-478A-A77B-D785B3ED1F98}.Debug|Any CPU.Build.0 = Debug|Any CPU
		{2BDCE497-D4B6-478A-A77B-D785B3ED1F98}.Release|Any CPU.ActiveCfg = Release|Any CPU
		{2BDCE497-D4B6-478A-A77B-D785B3ED1F98}.Release|Any CPU.Build.0 = Release|Any CPU
		{C677BC56-3B1D-4DA6-8E38-A4BF5B21B0C4}.Debug|Any CPU.ActiveCfg = Debug|Any CPU
		{C677BC56-3B1D-4DA6-8E38-A4BF5B21B0C4}.Debug|Any CPU.Build.0 = Debug|Any CPU
		{C677BC56-3B1D-4DA6-8E38-A4BF5B21B0C4}.Release|Any CPU.ActiveCfg = Release|Any CPU
		{C677BC56-3B1D-4DA6-8E38-A4BF5B21B0C4}.Release|Any CPU.Build.0 = Release|Any CPU
		{1620EAA9-B18A-4F18-ABBE-A998B1940CFC}.Debug|Any CPU.ActiveCfg = Debug|Any CPU
		{1620EAA9-B18A-4F18-ABBE-A998B1940CFC}.Debug|Any CPU.Build.0 = Debug|Any CPU
		{1620EAA9-B18A-4F18-ABBE-A998B1940CFC}.Release|Any CPU.ActiveCfg = Release|Any CPU
		{1620EAA9-B18A-4F18-ABBE-A998B1940CFC}.Release|Any CPU.Build.0 = Release|Any CPU
		{79FF4269-47C8-4CFD-BEC8-2F1BCD58E651}.Debug|Any CPU.ActiveCfg = Debug|Any CPU
		{79FF4269-47C8-4CFD-BEC8-2F1BCD58E651}.Debug|Any CPU.Build.0 = Debug|Any CPU
		{79FF4269-47C8-4CFD-BEC8-2F1BCD58E651}.Release|Any CPU.ActiveCfg = Release|Any CPU
		{79FF4269-47C8-4CFD-BEC8-2F1BCD58E651}.Release|Any CPU.Build.0 = Release|Any CPU
		{9BF4CD4E-2303-4E31-9909-86E38469FC3F}.Debug|Any CPU.ActiveCfg = Debug|Any CPU
		{9BF4CD4E-2303-4E31-9909-86E38469FC3F}.Debug|Any CPU.Build.0 = Debug|Any CPU
		{9BF4CD4E-2303-4E31-9909-86E38469FC3F}.Release|Any CPU.ActiveCfg = Release|Any CPU
		{9BF4CD4E-2303-4E31-9909-86E38469FC3F}.Release|Any CPU.Build.0 = Release|Any CPU
		{9DE0D6FA-A01A-4878-9A2D-8A5B6C3C520A}.Debug|Any CPU.ActiveCfg = Debug|Any CPU
		{9DE0D6FA-A01A-4878-9A2D-8A5B6C3C520A}.Debug|Any CPU.Build.0 = Debug|Any CPU
		{9DE0D6FA-A01A-4878-9A2D-8A5B6C3C520A}.Release|Any CPU.ActiveCfg = Release|Any CPU
		{9DE0D6FA-A01A-4878-9A2D-8A5B6C3C520A}.Release|Any CPU.Build.0 = Release|Any CPU
		{53FC5D6A-C31F-477C-AA94-A6F450CDF353}.Debug|Any CPU.ActiveCfg = Debug|Any CPU
		{53FC5D6A-C31F-477C-AA94-A6F450CDF353}.Debug|Any CPU.Build.0 = Debug|Any CPU
		{53FC5D6A-C31F-477C-AA94-A6F450CDF353}.Release|Any CPU.ActiveCfg = Release|Any CPU
		{53FC5D6A-C31F-477C-AA94-A6F450CDF353}.Release|Any CPU.Build.0 = Release|Any CPU
		{6650D1AB-D652-40F6-87F0-A8771EB2FCF3}.Debug|Any CPU.ActiveCfg = Debug|Any CPU
		{6650D1AB-D652-40F6-87F0-A8771EB2FCF3}.Debug|Any CPU.Build.0 = Debug|Any CPU
		{6650D1AB-D652-40F6-87F0-A8771EB2FCF3}.Release|Any CPU.ActiveCfg = Release|Any CPU
		{6650D1AB-D652-40F6-87F0-A8771EB2FCF3}.Release|Any CPU.Build.0 = Release|Any CPU
		{794DC249-635B-4F80-925A-8147EEC5AAB6}.Debug|Any CPU.ActiveCfg = Debug|Any CPU
		{794DC249-635B-4F80-925A-8147EEC5AAB6}.Debug|Any CPU.Build.0 = Debug|Any CPU
		{794DC249-635B-4F80-925A-8147EEC5AAB6}.Release|Any CPU.ActiveCfg = Release|Any CPU
		{794DC249-635B-4F80-925A-8147EEC5AAB6}.Release|Any CPU.Build.0 = Release|Any CPU
		{B59B0B04-81EF-4843-B859-FBB115896E8B}.Debug|Any CPU.ActiveCfg = Debug|Any CPU
		{B59B0B04-81EF-4843-B859-FBB115896E8B}.Debug|Any CPU.Build.0 = Debug|Any CPU
		{B59B0B04-81EF-4843-B859-FBB115896E8B}.Release|Any CPU.ActiveCfg = Release|Any CPU
		{B59B0B04-81EF-4843-B859-FBB115896E8B}.Release|Any CPU.Build.0 = Release|Any CPU
		{EF850B4F-90C7-4EEF-92D0-271A09FE3C17}.Debug|Any CPU.ActiveCfg = Debug|Any CPU
		{EF850B4F-90C7-4EEF-92D0-271A09FE3C17}.Debug|Any CPU.Build.0 = Debug|Any CPU
		{EF850B4F-90C7-4EEF-92D0-271A09FE3C17}.Release|Any CPU.ActiveCfg = Release|Any CPU
		{EF850B4F-90C7-4EEF-92D0-271A09FE3C17}.Release|Any CPU.Build.0 = Release|Any CPU
		{B1051244-5094-49F5-843E-771062CD1D72}.Debug|Any CPU.ActiveCfg = Debug|Any CPU
		{B1051244-5094-49F5-843E-771062CD1D72}.Debug|Any CPU.Build.0 = Debug|Any CPU
		{B1051244-5094-49F5-843E-771062CD1D72}.Release|Any CPU.ActiveCfg = Release|Any CPU
		{B1051244-5094-49F5-843E-771062CD1D72}.Release|Any CPU.Build.0 = Release|Any CPU
	EndGlobalSection
	GlobalSection(SolutionProperties) = preSolution
		HideSolutionNode = FALSE
	EndGlobalSection
	GlobalSection(ExtensibilityGlobals) = postSolution
		SolutionGuid = {9F58E372-2FE9-4DDA-A3BC-B50DCAF06E4E}
	EndGlobalSection
EndGlobal
